
Microsoft Visual Studio Solution File, Format Version 12.00
# Visual Studio Version 17
VisualStudioVersion = 17.1.32210.238
MinimumVisualStudioVersion = 10.0.40219.1
Project("{8BC9CEB8-8B4A-11D0-8D11-00A0C91BC942}") = "test_2022_3_12", "test_2022_3_12\test_2022_3_12.vcxproj", "{A462F32C-CD19-47A8-B063-E4EC8ACB8186}"
EndProject
Global
	GlobalSection(SolutionConfigurationPlatforms) = preSolution
		Debug|x64 = Debug|x64
		Debug|x86 = Debug|x86
		Release|x64 = Release|x64
		Release|x86 = Release|x86
	EndGlobalSection
	GlobalSection(ProjectConfigurationPlatforms) = postSolution
		{A462F32C-CD19-47A8-B063-E4EC8ACB8186}.Debug|x64.ActiveCfg = Debug|x64
		{A462F32C-CD19-47A8-B063-E4EC8ACB8186}.Debug|x64.Build.0 = Debug|x64
		{A462F32C-CD19-47A8-B063-E4EC8ACB8186}.Debug|x86.ActiveCfg = Debug|Win32
		{A462F32C-CD19-47A8-B063-E4EC8ACB8186}.Debug|x86.Build.0 = Debug|Win32
		{A462F32C-CD19-47A8-B063-E4EC8ACB8186}.Release|x64.ActiveCfg = Release|x64
		{A462F32C-CD19-47A8-B063-E4EC8ACB8186}.Release|x64.Build.0 = Release|x64
		{A462F32C-CD19-47A8-B063-E4EC8ACB8186}.Release|x86.ActiveCfg = Release|Win32
		{A462F32C-CD19-47A8-B063-E4EC8ACB8186}.Release|x86.Build.0 = Release|Win32
	EndGlobalSection
	GlobalSection(SolutionProperties) = preSolution
		HideSolutionNode = FALSE
	EndGlobalSection
	GlobalSection(ExtensibilityGlobals) = postSolution
		SolutionGuid = {5F7B0637-2CB1-4CCC-A6AE-07EFB75D145D}
	EndGlobalSection
EndGlobal
